PODS:
  - SnapKit (5.6.0)
  - SwipeCellKit (2.7.1)

DEPENDENCIES:
  - SnapKit (~> 5.6.0)
  - SwipeCellKit

SPEC REPOS:
  https://github.com/CocoaPods/Specs.git:
    - SnapKit
    - SwipeCellKit

SPEC CHECKSUMS:
  SnapKit: e01d52ebb8ddbc333eefe2132acf85c8227d9c25
  SwipeCellKit: 3972254a826da74609926daf59b08d6c72e619ea

PODFILE CHECKSUM: 963ff0229b8ed53bbc897aec86ad4c0d72cfdec0

COCOAPODS: 1.12.0
